# THIS IS AN AUTOGENERATED FILE. DO NOT EDIT THIS FILE DIRECTLY.
# yarn lockfile v1


babel-runtime@^6.26.0:
  version "6.26.0"
  resolved "https://registry.yarnpkg.com/babel-runtime/-/babel-runtime-6.26.0.tgz#965c7058668e82b55d7bfe04ff2337bc8b5647fe"
  dependencies:
    core-js "^2.4.0"
    regenerator-runtime "^0.11.0"

commander@^2.11.0:
  version "2.12.1"
  resolved "https://registry.yarnpkg.com/commander/-/commander-2.12.1.tgz#468635c4168d06145b9323356d1da84d14ac4a7a"

core-js@^2.4.0:
  version "2.5.1"
  resolved "https://registry.yarnpkg.com/core-js/-/core-js-2.5.1.tgz#ae6874dc66937789b80754ff5428df66819ca50b"

lodash.defaultto@^4.14.0:
  version "4.14.0"
  resolved "https://registry.yarnpkg.com/lodash.defaultto/-/lodash.defaultto-4.14.0.tgz#38bd3d425acee733e0e2bbbd4e4b29711cc2ee11"

lodash.groupby@^4.6.0:
  version "4.6.0"
  resolved "https://registry.yarnpkg.com/lodash.groupby/-/lodash.groupby-4.6.0.tgz#0b08a1dcf68397c397855c3239783832df7403d1"

lodash.isequal@^4.5.0:
  version "4.5.0"
  resolved "https://registry.yarnpkg.com/lodash.isequal/-/lodash.isequal-4.5.0.tgz#415c4478f2bcc30120c22ce10ed3226f7d3e18e0"

loglevel@^1.5.1:
  version "1.6.0"
  resolved "https://registry.yarnpkg.com/loglevel/-/loglevel-1.6.0.tgz#ae0caa561111498c5ba13723d6fb631d24003934"

regenerator-runtime@^0.11.0:
  version "0.11.0"
  resolved "https://registry.yarnpkg.com/regenerator-runtime/-/regenerator-runtime-0.11.0.tgz#7e54fe5b5ccd5d6624ea6255c3473be090b802e1"

tplink-smarthome-api@^0.20.1:
  version "0.20.1"
  resolved "https://registry.yarnpkg.com/tplink-smarthome-api/-/tplink-smarthome-api-0.20.1.tgz#4c5e479a25302fd7d16a271f0c177e3b5facb806"
  dependencies:
    babel-runtime "^6.26.0"
    commander "^2.11.0"
    lodash.defaultto "^4.14.0"
    lodash.groupby "^4.6.0"
    lodash.isequal "^4.5.0"
    loglevel "^1.5.1"
    tplink-smarthome-crypto "^1.0.0"

tplink-smarthome-crypto@^1.0.0:
  version "1.0.0"
  resolved "https://registry.yarnpkg.com/tplink-smarthome-crypto/-/tplink-smarthome-crypto-1.0.0.tgz#8bfe8036ce4310d81b626e72fef12059f5182ded"
